// !$*UTF8*$!
{
	archiveVersion = 1;
	classes = {
	};
	objectVersion = 46;
	objects = {

/* Begin PBXBuildFile section */
		70430A9D1DB7066E00015097 /* AppDelegate.swift in Sources */ = {isa = PBXBuildFile; fileRef = 70430A9C1DB7066E00015097 /* AppDelegate.swift */; };
		70430A9F1DB7066E00015097 /* ViewController.swift in Sources */ = {isa = PBXBuildFile; fileRef = 70430A9E1DB7066E00015097 /* ViewController.swift */; };
		70430AA21DB7066E00015097 /* Main.storyboard in Resources */ = {isa = PBXBuildFile; fileRef = 70430AA01DB7066E00015097 /* Main.storyboard */; };
		70430AA41DB7066E00015097 /* Assets.xcassets in Resources */ = {isa = PBXBuildFile; fileRef = 70430AA31DB7066E00015097 /* Assets.xcassets */; };
		70430AA71DB7066E00015097 /* LaunchScreen.storyboard in Resources */ = {isa = PBXBuildFile; fileRef = 70430AA51DB7066E00015097 /* LaunchScreen.storyboard */; };
		70430AB21DB7066E00015097 /* PitchPerfectTests.swift in Sources */ = {isa = PBXBuildFile; fileRef = 70430AB11DB7066E00015097 /* PitchPerfectTests.swift */; };
		70430ABD1DB7066E00015097 /* PitchPerfectUITests.swift in Sources */ = {isa = PBXBuildFile; fileRef = 70430ABC1DB7066E00015097 /* PitchPerfectUITests.swift */; };
/* End PBXBuildFile section */

/* Begin PBXContainerItemProxy section */
		70430AAE1DB7066E00015097 /* PBXContainerItemProxy */ = {
			isa = PBXContainerItemProxy;
			containerPortal = 70430A911DB7066D00015097 /* Project object */;
			proxyType = 1;
			remoteGlobalIDString = 70430A981DB7066D00015097;
			remoteInfo = PitchPerfect;
		};
		70430AB91DB7066E00015097 /* PBXContainerItemProxy */ = {
			isa = PBXContainerItemProxy;
			containerPortal = 70430A911DB7066D00015097 /* Project object */;
			proxyType = 1;
			remoteGlobalIDString = 70430A981DB7066D00015097;
			remoteInfo = PitchPerfect;
		};
/* End PBXContainerItemProxy section */

/* Begin PBXFileReference section */
		70430A991DB7066D00015097 /* PitchPerfect.app */ = {isa = PBXFileReference; explicitFileType = wrapper.application; includeInIndex = 0; path = PitchPerfect.app; sourceTree = BUILT_PRODUCTS_DIR; };
		70430A9C1DB7066E00015097 /* AppDelegate.swift */ = {isa = PBXFileReference; lastKnownFileType = sourcecode.swift; path = AppDelegate.swift; sourceTree = "<group>"; };
		70430A9E1DB7066E00015097 /* ViewController.swift */ = {isa = PBXFileReference; lastKnownFileType = sourcecode.swift; path = ViewController.swift; sourceTree = "<group>"; };
		70430AA11DB7066E00015097 /* Base */ = {isa = PBXFileReference; lastKnownFileType = file.storyboard; name = Base; path = Base.lproj/Main.storyboard; sourceTree = "<group>"; };
		70430AA31DB7066E00015097 /* Assets.xcassets */ = {isa = PBXFileReference; lastKnownFileType = folder.assetcatalog; path = Assets.xcassets; sourceTree = "<group>"; };
		70430AA61DB7066E00015097 /* Base */ = {isa = PBXFileReference; lastKnownFileType = file.storyboard; name = Base; path = Base.lproj/LaunchScreen.storyboard; sourceTree = "<group>"; };
		70430AA81DB7066E00015097 /* Info.plist */ = {isa = PBXFileReference; lastKnownFileType = text.plist.xml; path = Info.plist; sourceTree = "<group>"; };
		70430AAD1DB7066E00015097 /* PitchPerfectTests.xctest */ = {isa = PBXFileReference; explicitFileType = wrapper.cfbundle; includeInIndex = 0; path = PitchPerfectTests.xctest; sourceTree = BUILT_PRODUCTS_DIR; };
		70430AB11DB7066E00015097 /* PitchPerfectTests.swift */ = {isa = PBXFileReference; lastKnownFileType = sourcecode.swift; path = PitchPerfectTests.swift; sourceTree = "<group>"; };
		70430AB31DB7066E00015097 /* Info.plist */ = {isa = PBXFileReference; lastKnownFileType = text.plist.xml; path = Info.plist; sourceTree = "<group>"; };
		70430AB81DB7066E00015097 /* PitchPerfectUITests.xctest */ = {isa = PBXFileReference; explicitFileType = wrapper.cfbundle; includeInIndex = 0; path = PitchPerfectUITests.xctest; sourceTree = BUILT_PRODUCTS_DIR; };
		70430ABC1DB7066E00015097 /* PitchPerfectUITests.swift */ = {isa = PBXFileReference; lastKnownFileType = sourcecode.swift; path = PitchPerfectUITests.swift; sourceTree = "<group>"; };
		70430ABE1DB7066E00015097 /* Info.plist */ = {isa = PBXFileReference; lastKnownFileType = text.plist.xml; path = Info.plist; sourceTree = "<group>"; };
/* End PBXFileReference section */

/* Begin PBXFrameworksBuildPhase section */
		70430A961DB7066D00015097 /* Frameworks */ = {
			isa = PBXFrameworksBuildPhase;
			buildActionMask = 2147483647;
			files = (
			);
			runOnlyForDeploymentPostprocessing = 0;
		};
		70430AAA1DB7066E00015097 /* Frameworks */ = {
			isa = PBXFrameworksBuildPhase;
			buildActionMask = 2147483647;
			files = (
			);
			runOnlyForDeploymentPostprocessing = 0;
		};
		70430AB51DB7066E00015097 /* Frameworks */ = {
			isa = PBXFrameworksBuildPhase;
			buildActionMask = 2147483647;
			files = (
			);
			runOnlyForDeploymentPostprocessing = 0;
		};
/* End PBXFrameworksBuildPhase section */

/* Begin PBXGroup section */
		70430A901DB7066D00015097 = {
			isa = PBXGroup;
			children = (
				70430A9B1DB7066D00015097 /* PitchPerfect */,
				70430AB01DB7066E00015097 /* PitchPerfectTests */,
				70430ABB1DB7066E00015097 /* PitchPerfectUITests */,
				70430A9A1DB7066D00015097 /* Products */,
			);
			sourceTree = "<group>";
		};
		70430A9A1DB7066D00015097 /* Products */ = {
			isa = PBXGroup;
			children = (
				70430A991DB7066D00015097 /* PitchPerfect.app */,
				70430AAD1DB7066E00015097 /* PitchPerfectTests.xctest */,
				70430AB81DB7066E00015097 /* PitchPerfectUITests.xctest */,
			);
			name = Products;
			sourceTree = "<group>";
		};
		70430A9B1DB7066D00015097 /* PitchPerfect */ = {
			isa = PBXGroup;
			children = (
				70430A9C1DB7066E00015097 /* AppDelegate.swift */,
				70430A9E1DB7066E00015097 /* ViewController.swift */,
				70430AA01DB7066E00015097 /* Main.storyboard */,
				70430AA31DB7066E00015097 /* Assets.xcassets */,
				70430AA51DB7066E00015097 /* LaunchScreen.storyboard */,
				70430AA81DB7066E00015097 /* Info.plist */,
			);
			path = PitchPerfect;
			sourceTree = "<group>";
		};
		70430AB01DB7066E00015097 /* PitchPerfectTests */ = {
			isa = PBXGroup;
			children = (
				70430AB11DB7066E00015097 /* PitchPerfectTests.swift */,
				70430AB31DB7066E00015097 /* Info.plist */,
			);
			path = PitchPerfectTests;
			sourceTree = "<group>";
		};
		70430ABB1DB7066E00015097 /* PitchPerfectUITests */ = {
			isa = PBXGroup;
			children = (
				70430ABC1DB7066E00015097 /* PitchPerfectUITests.swift */,
				70430ABE1DB7066E00015097 /* Info.plist */,
			);
			path = PitchPerfectUITests;
			sourceTree = "<group>";
		};
/* End PBXGroup section */

/* Begin PBXNativeTarget section */
		70430A981DB7066D00015097 /* PitchPerfect */ = {
			isa = PBXNativeTarget;
			buildConfigurationList = 70430AC11DB7066E00015097 /* Build configuration list for PBXNativeTarget "PitchPerfect" */;
			buildPhases = (
				70430A951DB7066D00015097 /* Sources */,
				70430A961DB7066D00015097 /* Frameworks */,
				70430A971DB7066D00015097 /* Resources */,
			);
			buildRules = (
			);
			dependencies = (
			);
			name = PitchPerfect;
			productName = PitchPerfect;
			productReference = 70430A991DB7066D00015097 /* PitchPerfect.app */;
			productType = "com.apple.product-type.application";
		};
		70430AAC1DB7066E00015097 /* PitchPerfectTests */ = {
			isa = PBXNativeTarget;
			buildConfigurationList = 70430AC41DB7066E00015097 /* Build configuration list for PBXNativeTarget "PitchPerfectTests" */;
			buildPhases = (
				70430AA91DB7066E00015097 /* Sources */,
				70430AAA1DB7066E00015097 /* Frameworks */,
				70430AAB1DB7066E00015097 /* Resources */,
			);
			buildRules = (
			);
			dependencies = (
				70430AAF1DB7066E00015097 /* PBXTargetDependency */,
			);
			name = PitchPerfectTests;
			productName = PitchPerfectTests;
			productReference = 70430AAD1DB7066E00015097 /* PitchPerfectTests.xctest */;
			productType = "com.apple.product-type.bundle.unit-test";
		};
		70430AB71DB7066E00015097 /* PitchPerfectUITests */ = {
			isa = PBXNativeTarget;
			buildConfigurationList = 70430AC71DB7066E00015097 /* Build configuration list for PBXNativeTarget "PitchPerfectUITests" */;
			buildPhases = (
				70430AB41DB7066E00015097 /* Sources */,
				70430AB51DB7066E00015097 /* Frameworks */,
				70430AB61DB7066E00015097 /* Resources */,
			);
			buildRules = (
			);
			dependencies = (
				70430ABA1DB7066E00015097 /* PBXTargetDependency */,
			);
			name = PitchPerfectUITests;
			productName = PitchPerfectUITests;
			productReference = 70430AB81DB7066E00015097 /* PitchPerfectUITests.xctest */;
			productType = "com.apple.product-type.bundle.ui-testing";
		};
/* End PBXNativeTarget section */

/* Begin PBXProject section */
		70430A911DB7066D00015097 /* Project object */ = {
			isa = PBXProject;
			attributes = {
				LastSwiftUpdateCheck = 0800;
				LastUpgradeCheck = 0800;
				ORGANIZATIONNAME = CHEO.NG;
				TargetAttributes = {
					70430A981DB7066D00015097 = {
						CreatedOnToolsVersion = 8.0;
						ProvisioningStyle = Automatic;
					};
					70430AAC1DB7066E00015097 = {
						CreatedOnToolsVersion = 8.0;
						ProvisioningStyle = Automatic;
						TestTargetID = 70430A981DB7066D00015097;
					};
					70430AB71DB7066E00015097 = {
						CreatedOnToolsVersion = 8.0;
						ProvisioningStyle = Automatic;
						TestTargetID = 70430A981DB7066D00015097;
					};
				};
			};
			buildConfigurationList = 70430A941DB7066D00015097 /* Build configuration list for PBXProject "PitchPerfect" */;
			compatibilityVersion = "Xcode 3.2";
			developmentRegion = English;
			hasScannedForEncodings = 0;
			knownRegions = (
				en,
				Base,
			);
			mainGroup = 70430A901DB7066D00015097;
			productRefGroup = 70430A9A1DB7066D00015097 /* Products */;
			projectDirPath = "";
			projectRoot = "";
			targets = (
				70430A981DB7066D00015097 /* PitchPerfect */,
				70430AAC1DB7066E00015097 /* PitchPerfectTests */,
				70430AB71DB7066E00015097 /* PitchPerfectUITests */,
			);
		};
/* End PBXProject section */

/* Begin PBXResourcesBuildPhase section */
		70430A971DB7066D00015097 /* Resources */ = {
			isa = PBXResourcesBuildPhase;
			buildActionMask = 2147483647;
			files = (
				70430AA71DB7066E00015097 /* LaunchScreen.storyboard in Resources */,
				70430AA41DB7066E00015097 /* Assets.xcassets in Resources */,
				70430AA21DB7066E00015097 /* Main.storyboard in Resources */,
			);
			runOnlyForDeploymentPostprocessing = 0;
		};
		70430AAB1DB7066E00015097 /* Resources */ = {
			isa = PBXResourcesBuildPhase;
			buildActionMask = 2147483647;
			files = (
			);
			runOnlyForDeploymentPostprocessing = 0;
		};
		70430AB61DB7066E00015097 /* Resources */ = {
			isa = PBXResourcesBuildPhase;
			buildActionMask = 2147483647;
			files = (
			);
			runOnlyForDeploymentPostprocessing = 0;
		};
/* End PBXResourcesBuildPhase section */

/* Begin PBXSourcesBuildPhase section */
		70430A951DB7066D00015097 /* Sources */ = {
			isa = PBXSourcesBuildPhase;
			buildActionMask = 2147483647;
			files = (
				70430A9F1DB7066E00015097 /* ViewController.swift in Sources */,
				70430A9D1DB7066E00015097 /* AppDelegate.swift in Sources */,
			);
			runOnlyForDeploymentPostprocessing = 0;
		};
		70430AA91DB7066E00015097 /* Sources */ = {
			isa = PBXSourcesBuildPhase;
			buildActionMask = 2147483647;
			files = (
				70430AB21DB7066E00015097 /* PitchPerfectTests.swift in Sources */,
			);
			runOnlyForDeploymentPostprocessing = 0;
		};
		70430AB41DB7066E00015097 /* Sources */ = {
			isa = PBXSourcesBuildPhase;
			buildActionMask = 2147483647;
			files = (
				70430ABD1DB7066E00015097 /* PitchPerfectUITests.swift in Sources */,
			);
			runOnlyForDeploymentPostprocessing = 0;
		};
/* End PBXSourcesBuildPhase section */

/* Begin PBXTargetDependency section */
		70430AAF1DB7066E00015097 /* PBXTargetDependency */ = {
			isa = PBXTargetDependency;
			target = 70430A981DB7066D00015097 /* PitchPerfect */;
			targetProxy = 70430AAE1DB7066E00015097 /* PBXContainerItemProxy */;
		};
		70430ABA1DB7066E00015097 /* PBXTargetDependency */ = {
			isa = PBXTargetDependency;
			target = 70430A981DB7066D00015097 /* PitchPerfect */;
			targetProxy = 70430AB91DB7066E00015097 /* PBXContainerItemProxy */;
		};
/* End PBXTargetDependency section */

/* Begin PBXVariantGroup section */
		70430AA01DB7066E00015097 /* Main.storyboard */ = {
			isa = PBXVariantGroup;
			children = (
				70430AA11DB7066E00015097 /* Base */,
			);
			name = Main.storyboard;
			sourceTree = "<group>";
		};
		70430AA51DB7066E00015097 /* LaunchScreen.storyboard */ = {
			isa = PBXVariantGroup;
			children = (
				70430AA61DB7066E00015097 /* Base */,
			);
			name = LaunchScreen.storyboard;
			sourceTree = "<group>";
		};
/* End PBXVariantGroup section */

/* Begin XCBuildConfiguration section */
		70430ABF1DB7066E00015097 /* Debug */ = {
			isa = XCBuildConfiguration;
			buildSettings = {
				ALWAYS_SEARCH_USER_PATHS = NO;
				CLANG_ANALYZER_NONNULL = YES;
				CLANG_CXX_LANGUAGE_STANDARD = "gnu++0x";
				CLANG_CXX_LIBRARY = "libc++";
				CLANG_ENABLE_MODULES = YES;
				CLANG_ENABLE_OBJC_ARC = YES;
				CLANG_WARN_BOOL_CONVERSION = YES;
				CLANG_WARN_CONSTANT_CONVERSION = YES;
				CLANG_WARN_DIRECT_OBJC_ISA_USAGE = YES_ERROR;
				CLANG_WARN_DOCUMENTATION_COMMENTS = YES;
				CLANG_WARN_EMPTY_BODY = YES;
				CLANG_WARN_ENUM_CONVERSION = YES;
				CLANG_WARN_INFINITE_RECURSION = YES;
				CLANG_WARN_INT_CONVERSION = YES;
				CLANG_WARN_OBJC_ROOT_CLASS = YES_ERROR;
				CLANG_WARN_SUSPICIOUS_MOVES = YES;
				CLANG_WARN_UNREACHABLE_CODE = YES;
				CLANG_WARN__DUPLICATE_METHOD_MATCH = YES;
				"CODE_SIGN_IDENTITY[sdk=iphoneos*]" = "iPhone Developer";
				COPY_PHASE_STRIP = NO;
				DEBUG_INFORMATION_FORMAT = dwarf;
				ENABLE_STRICT_OBJC_MSGSEND = YES;
				ENABLE_TESTABILITY = YES;
				GCC_C_LANGUAGE_STANDARD = gnu99;
				GCC_DYNAMIC_NO_PIC = NO;
				GCC_NO_COMMON_BLOCKS = YES;
				GCC_OPTIMIZATION_LEVEL = 0;
				GCC_PREPROCESSOR_DEFINITIONS = (
					"DEBUG=1",
					"$(inherited)",
				);
				GCC_WARN_64_TO_32_BIT_CONVERSION = YES;
				GCC_WARN_ABOUT_RETURN_TYPE = YES_ERROR;
				GCC_WARN_UNDECLARED_SELECTOR = YES;
				GCC_WARN_UNINITIALIZED_AUTOS = YES_AGGRESSIVE;
				GCC_WARN_UNUSED_FUNCTION = YES;
				GCC_WARN_UNUSED_VARIABLE = YES;
				IPHONEOS_DEPLOYMENT_TARGET = 10.0;
				MTL_ENABLE_DEBUG_INFO = YES;
				ONLY_ACTIVE_ARCH = YES;
				SDKROOT = iphoneos;
				SWIFT_ACTIVE_COMPILATION_CONDITIONS = DEBUG;
				SWIFT_OPTIMIZATION_LEVEL = "-Onone";
				TARGETED_DEVICE_FAMILY = "1,2";
			};
			name = Debug;
		};
		70430AC01DB7066E00015097 /* Release */ = {
			isa = XCBuildConfiguration;
			buildSettings = {
				ALWAYS_SEARCH_USER_PATHS = NO;
				CLANG_ANALYZER_NONNULL = YES;
				CLANG_CXX_LANGUAGE_STANDARD = "gnu++0x";
				CLANG_CXX_LIBRARY = "libc++";
				CLANG_ENABLE_MODULES = YES;
				CLANG_ENABLE_OBJC_ARC = YES;
				CLANG_WARN_BOOL_CONVERSION = YES;
				CLANG_WARN_CONSTANT_CONVERSION = YES;
				CLANG_WARN_DIRECT_OBJC_ISA_USAGE = YES_ERROR;
				CLANG_WARN_DOCUMENTATION_COMMENTS = YES;
				CLANG_WARN_EMPTY_BODY = YES;
				CLANG_WARN_ENUM_CONVERSION = YES;
				CLANG_WARN_INFINITE_RECURSION = YES;
				CLANG_WARN_INT_CONVERSION = YES;
				CLANG_WARN_OBJC_ROOT_CLASS = YES_ERROR;
				CLANG_WARN_SUSPICIOUS_MOVES = YES;
				CLANG_WARN_UNREACHABLE_CODE = YES;
				CLANG_WARN__DUPLICATE_METHOD_MATCH = YES;
				"CODE_SIGN_IDENTITY[sdk=iphoneos*]" = "iPhone Developer";
				COPY_PHASE_STRIP = NO;
				DEBUG_INFORMATION_FORMAT = "dwarf-with-dsym";
				ENABLE_NS_ASSERTIONS = NO;
				ENABLE_STRICT_OBJC_MSGSEND = YES;
				GCC_C_LANGUAGE_STANDARD = gnu99;
				GCC_NO_COMMON_BLOCKS = YES;
				GCC_WARN_64_TO_32_BIT_CONVERSION = YES;
				GCC_WARN_ABOUT_RETURN_TYPE = YES_ERROR;
				GCC_WARN_UNDECLARED_SELECTOR = YES;
				GCC_WARN_UNINITIALIZED_AUTOS = YES_AGGRESSIVE;
				GCC_WARN_UNUSED_FUNCTION = YES;
				GCC_WARN_UNUSED_VARIABLE = YES;
				IPHONEOS_DEPLOYMENT_TARGET = 10.0;
				MTL_ENABLE_DEBUG_INFO = NO;
				SDKROOT = iphoneos;
				SWIFT_OPTIMIZATION_LEVEL = "-Owholemodule";
				TARGETED_DEVICE_FAMILY = "1,2";
				VALIDATE_PRODUCT = YES;
			};
			name = Release;
		};
		70430AC21DB7066E00015097 /* Debug */ = {
			isa = XCBuildConfiguration;
			buildSettings = {
				ASSETCATALOG_COMPILER_APPICON_NAME = AppIcon;
				INFOPLIST_FILE = PitchPerfect/Info.plist;
				LD_RUNPATH_SEARCH_PATHS = "$(inherited) @executable_path/Frameworks";
				PRODUCT_BUNDLE_IDENTIFIER = ng.cheo.PitchPerfect;
				PRODUCT_NAME = "$(TARGET_NAME)";
				SWIFT_VERSION = 3.0;
			};
			name = Debug;
		};
		70430AC31DB7066E00015097 /* Release */ = {
			isa = XCBuildConfiguration;
			buildSettings = {
				ASSETCATALOG_COMPILER_APPICON_NAME = AppIcon;
				INFOPLIST_FILE = PitchPerfect/Info.plist;
				LD_RUNPATH_SEARCH_PATHS = "$(inherited) @executable_path/Frameworks";
				PRODUCT_BUNDLE_IDENTIFIER = ng.cheo.PitchPerfect;
				PRODUCT_NAME = "$(TARGET_NAME)";
				SWIFT_VERSION = 3.0;
			};
			name = Release;
		};
		70430AC51DB7066E00015097 /* Debug */ = {
			isa = XCBuildConfiguration;
			buildSettings = {
				ALWAYS_EMBED_SWIFT_STANDARD_LIBRARIES = YES;
				BUNDLE_LOADER = "$(TEST_HOST)";
				INFOPLIST_FILE = PitchPerfectTests/Info.plist;
				LD_RUNPATH_SEARCH_PATHS = "$(inherited) @executable_path/Frameworks @loader_path/Frameworks";
				PRODUCT_BUNDLE_IDENTIFIER = ng.cheo.PitchPerfectTests;
				PRODUCT_NAME = "$(TARGET_NAME)";
				SWIFT_VERSION = 3.0;
				TEST_HOST = "$(BUILT_PRODUCTS_DIR)/PitchPerfect.app/PitchPerfect";
			};
			name = Debug;
		};
		70430AC61DB7066E00015097 /* Release */ = {
			isa = XCBuildConfiguration;
			buildSettings = {
				ALWAYS_EMBED_SWIFT_STANDARD_LIBRARIES = YES;
				BUNDLE_LOADER = "$(TEST_HOST)";
				INFOPLIST_FILE = PitchPerfectTests/Info.plist;
				LD_RUNPATH_SEARCH_PATHS = "$(inherited) @executable_path/Frameworks @loader_path/Frameworks";
				PRODUCT_BUNDLE_IDENTIFIER = ng.cheo.PitchPerfectTests;
				PRODUCT_NAME = "$(TARGET_NAME)";
				SWIFT_VERSION = 3.0;
				TEST_HOST = "$(BUILT_PRODUCTS_DIR)/PitchPerfect.app/PitchPerfect";
			};
			name = Release;
		};
		70430AC81DB7066E00015097 /* Debug */ = {
			isa = XCBuildConfiguration;
			buildSettings = {
				ALWAYS_EMBED_SWIFT_STANDARD_LIBRARIES = YES;
				INFOPLIST_FILE = PitchPerfectUITests/Info.plist;
				LD_RUNPATH_SEARCH_PATHS = "$(inherited) @executable_path/Frameworks @loader_path/Frameworks";
				PRODUCT_BUNDLE_IDENTIFIER = ng.cheo.PitchPerfectUITests;
				PRODUCT_NAME = "$(TARGET_NAME)";
				SWIFT_VERSION = 3.0;
				TEST_TARGET_NAME = PitchPerfect;
			};
			name = Debug;
		};
		70430AC91DB7066E00015097 /* Release */ = {
			isa = XCBuildConfiguration;
			buildSettings = {
				ALWAYS_EMBED_SWIFT_STANDARD_LIBRARIES = YES;
				INFOPLIST_FILE = PitchPerfectUITests/Info.plist;
				LD_RUNPATH_SEARCH_PATHS = "$(inherited) @executable_path/Frameworks @loader_path/Frameworks";
				PRODUCT_BUNDLE_IDENTIFIER = ng.cheo.PitchPerfectUITests;
				PRODUCT_NAME = "$(TARGET_NAME)";
				SWIFT_VERSION = 3.0;
				TEST_TARGET_NAME = PitchPerfect;
			};
			name = Release;
		};
/* End XCBuildConfiguration section */

/* Begin XCConfigurationList section */
		70430A941DB7066D00015097 /* Build configuration list for PBXProject "PitchPerfect" */ = {
			isa = XCConfigurationList;
			buildConfigurations = (
				70430ABF1DB7066E00015097 /* Debug */,
				70430AC01DB7066E00015097 /* Release */,
			);
			defaultConfigurationIsVisible = 0;
			defaultConfigurationName = Release;
		};
		70430AC11DB7066E00015097 /* Build configuration list for PBXNativeTarget "PitchPerfect" */ = {
			isa = XCConfigurationList;
			buildConfigurations = (
				70430AC21DB7066E00015097 /* Debug */,
				70430AC31DB7066E00015097 /* Release */,
			);
			defaultConfigurationIsVisible = 0;
		};
		70430AC41DB7066E00015097 /* Build configuration list for PBXNativeTarget "PitchPerfectTests" */ = {
			isa = XCConfigurationList;
			buildConfigurations = (
				70430AC51DB7066E00015097 /* Debug */,
				70430AC61DB7066E00015097 /* Release */,
			);
			defaultConfigurationIsVisible = 0;
		};
		70430AC71DB7066E00015097 /* Build configuration list for PBXNativeTarget "PitchPerfectUITests" */ = {
			isa = XCConfigurationList;
			buildConfigurations = (
				70430AC81DB7066E00015097 /* Debug */,
				70430AC91DB7066E00015097 /* Release */,
			);
			defaultConfigurationIsVisible = 0;
		};
/* End XCConfigurationList section */
	};
	rootObject = 70430A911DB7066D00015097 /* Project object */;
}
